
Microsoft Visual Studio Solution File, Format Version 12.00
# Visual Studio 15
VisualStudioVersion = 15.0.26020.0
MinimumVisualStudioVersion = 10.0.40219.1
Project("{2150E333-8FDC-42A3-9474-1A3956D46DE8}") = "Chapter1", "Chapter1", "{65DDFBBF-945F-4797-BF62-E9080AEDAC92}"
EndProject
Project("{2150E333-8FDC-42A3-9474-1A3956D46DE8}") = "Sample1", "Sample1", "{382E76B0-64D6-42A0-80E2-6FAD21013B4E}"
EndProject
Project("{FAE04EC0-301F-11D3-BF4B-00C04F79EFBC}") = "SquareChase", "Chapter1\Sample1\SquareChase\SquareChase.csproj", "{BB611722-8C0A-4234-9524-532AD5024C57}"
EndProject
Project("{2150E333-8FDC-42A3-9474-1A3956D46DE8}") = "My1", "My1", "{5F35C7C8-1F00-48EC-9B61-AEF8AC1A8A6D}"
EndProject
Project("{FAE04EC0-301F-11D3-BF4B-00C04F79EFBC}") = "SquareChaseMob", "Chapter1\My1\SquareChaseMob\SquareChaseMob.csproj", "{F1D6F3F5-FF59-4062-A434-1BCCD11B4968}"
EndProject
Project("{2150E333-8FDC-42A3-9474-1A3956D46DE8}") = "Chapter2", "Chapter2", "{4E063D0D-B52C-4451-9ECD-CCFB7F169530}"
EndProject
Project("{2150E333-8FDC-42A3-9474-1A3956D46DE8}") = "Sample1", "Sample1", "{79F2CB2A-233E-4DB1-9500-5930B1C6B185}"
EndProject
Project("{2150E333-8FDC-42A3-9474-1A3956D46DE8}") = "My", "My", "{A78F6A03-BFA9-4C13-8AF0-EF1BECF31812}"
EndProject
Project("{FAE04EC0-301F-11D3-BF4B-00C04F79EFBC}") = "FloodControl", "Chapter2\My\FloodControl\FloodControl.csproj", "{AA00BE91-1719-4B49-ACF2-0B30BAB7BEEF}"
EndProject
Project("{FAE04EC0-301F-11D3-BF4B-00C04F79EFBC}") = "FloodControl", "Chapter2\Sample1\FloodControl\FloodControl.csproj", "{17D3E596-BA2C-4B0C-9B10-40DFA6DEC880}"
EndProject
Project("{9A19103F-16F7-4668-BE54-9A1E7A4F7556}") = "GameBoard", "Chapter2\My\GameBoard\GameBoard.csproj", "{BC5996A3-96D8-4DD6-B782-AF91DFDE5499}"
EndProject
Global
	GlobalSection(SolutionConfigurationPlatforms) = preSolution
		Debug|Any CPU = Debug|Any CPU
		Debug|ARM = Debug|ARM
		Debug|x64 = Debug|x64
		Debug|x86 = Debug|x86
		Release|Any CPU = Release|Any CPU
		Release|ARM = Release|ARM
		Release|x64 = Release|x64
		Release|x86 = Release|x86
	EndGlobalSection
	GlobalSection(ProjectConfigurationPlatforms) = postSolution
		{BB611722-8C0A-4234-9524-532AD5024C57}.Debug|Any CPU.ActiveCfg = Debug|x86
		{BB611722-8C0A-4234-9524-532AD5024C57}.Debug|ARM.ActiveCfg = Debug|x86
		{BB611722-8C0A-4234-9524-532AD5024C57}.Debug|x64.ActiveCfg = Debug|x86
		{BB611722-8C0A-4234-9524-532AD5024C57}.Debug|x86.ActiveCfg = Debug|x86
		{BB611722-8C0A-4234-9524-532AD5024C57}.Debug|x86.Build.0 = Debug|x86
		{BB611722-8C0A-4234-9524-532AD5024C57}.Release|Any CPU.ActiveCfg = Release|x86
		{BB611722-8C0A-4234-9524-532AD5024C57}.Release|ARM.ActiveCfg = Release|x86
		{BB611722-8C0A-4234-9524-532AD5024C57}.Release|x64.ActiveCfg = Release|x86
		{BB611722-8C0A-4234-9524-532AD5024C57}.Release|x86.ActiveCfg = Release|x86
		{BB611722-8C0A-4234-9524-532AD5024C57}.Release|x86.Build.0 = Release|x86
		{F1D6F3F5-FF59-4062-A434-1BCCD11B4968}.Debug|Any CPU.ActiveCfg = Debug|x86
		{F1D6F3F5-FF59-4062-A434-1BCCD11B4968}.Debug|ARM.ActiveCfg = Debug|ARM
		{F1D6F3F5-FF59-4062-A434-1BCCD11B4968}.Debug|ARM.Build.0 = Debug|ARM
		{F1D6F3F5-FF59-4062-A434-1BCCD11B4968}.Debug|ARM.Deploy.0 = Debug|ARM
		{F1D6F3F5-FF59-4062-A434-1BCCD11B4968}.Debug|x64.ActiveCfg = Debug|x64
		{F1D6F3F5-FF59-4062-A434-1BCCD11B4968}.Debug|x64.Build.0 = Debug|x64
		{F1D6F3F5-FF59-4062-A434-1BCCD11B4968}.Debug|x64.Deploy.0 = Debug|x64
		{F1D6F3F5-FF59-4062-A434-1BCCD11B4968}.Debug|x86.ActiveCfg = Debug|x86
		{F1D6F3F5-FF59-4062-A434-1BCCD11B4968}.Debug|x86.Build.0 = Debug|x86
		{F1D6F3F5-FF59-4062-A434-1BCCD11B4968}.Debug|x86.Deploy.0 = Debug|x86
		{F1D6F3F5-FF59-4062-A434-1BCCD11B4968}.Release|Any CPU.ActiveCfg = Release|x86
		{F1D6F3F5-FF59-4062-A434-1BCCD11B4968}.Release|ARM.ActiveCfg = Release|ARM
		{F1D6F3F5-FF59-4062-A434-1BCCD11B4968}.Release|ARM.Build.0 = Release|ARM
		{F1D6F3F5-FF59-4062-A434-1BCCD11B4968}.Release|ARM.Deploy.0 = Release|ARM
		{F1D6F3F5-FF59-4062-A434-1BCCD11B4968}.Release|x64.ActiveCfg = Release|x64
		{F1D6F3F5-FF59-4062-A434-1BCCD11B4968}.Release|x64.Build.0 = Release|x64
		{F1D6F3F5-FF59-4062-A434-1BCCD11B4968}.Release|x64.Deploy.0 = Release|x64
		{F1D6F3F5-FF59-4062-A434-1BCCD11B4968}.Release|x86.ActiveCfg = Release|x86
		{F1D6F3F5-FF59-4062-A434-1BCCD11B4968}.Release|x86.Build.0 = Release|x86
		{F1D6F3F5-FF59-4062-A434-1BCCD11B4968}.Release|x86.Deploy.0 = Release|x86
		{AA00BE91-1719-4B49-ACF2-0B30BAB7BEEF}.Debug|Any CPU.ActiveCfg = Debug|x86
		{AA00BE91-1719-4B49-ACF2-0B30BAB7BEEF}.Debug|ARM.ActiveCfg = Debug|ARM
		{AA00BE91-1719-4B49-ACF2-0B30BAB7BEEF}.Debug|ARM.Build.0 = Debug|ARM
		{AA00BE91-1719-4B49-ACF2-0B30BAB7BEEF}.Debug|ARM.Deploy.0 = Debug|ARM
		{AA00BE91-1719-4B49-ACF2-0B30BAB7BEEF}.Debug|x64.ActiveCfg = Debug|x64
		{AA00BE91-1719-4B49-ACF2-0B30BAB7BEEF}.Debug|x64.Build.0 = Debug|x64
		{AA00BE91-1719-4B49-ACF2-0B30BAB7BEEF}.Debug|x64.Deploy.0 = Debug|x64
		{AA00BE91-1719-4B49-ACF2-0B30BAB7BEEF}.Debug|x86.ActiveCfg = Debug|x86
		{AA00BE91-1719-4B49-ACF2-0B30BAB7BEEF}.Debug|x86.Build.0 = Debug|x86
		{AA00BE91-1719-4B49-ACF2-0B30BAB7BEEF}.Debug|x86.Deploy.0 = Debug|x86
		{AA00BE91-1719-4B49-ACF2-0B30BAB7BEEF}.Release|Any CPU.ActiveCfg = Release|x86
		{AA00BE91-1719-4B49-ACF2-0B30BAB7BEEF}.Release|ARM.ActiveCfg = Release|ARM
		{AA00BE91-1719-4B49-ACF2-0B30BAB7BEEF}.Release|ARM.Build.0 = Release|ARM
		{AA00BE91-1719-4B49-ACF2-0B30BAB7BEEF}.Release|ARM.Deploy.0 = Release|ARM
		{AA00BE91-1719-4B49-ACF2-0B30BAB7BEEF}.Release|x64.ActiveCfg = Release|x64
		{AA00BE91-1719-4B49-ACF2-0B30BAB7BEEF}.Release|x64.Build.0 = Release|x64
		{AA00BE91-1719-4B49-ACF2-0B30BAB7BEEF}.Release|x64.Deploy.0 = Release|x64
		{AA00BE91-1719-4B49-ACF2-0B30BAB7BEEF}.Release|x86.ActiveCfg = Release|x86
		{AA00BE91-1719-4B49-ACF2-0B30BAB7BEEF}.Release|x86.Build.0 = Release|x86
		{AA00BE91-1719-4B49-ACF2-0B30BAB7BEEF}.Release|x86.Deploy.0 = Release|x86
		{17D3E596-BA2C-4B0C-9B10-40DFA6DEC880}.Debug|Any CPU.ActiveCfg = Debug|x86
		{17D3E596-BA2C-4B0C-9B10-40DFA6DEC880}.Debug|ARM.ActiveCfg = Debug|ARM
		{17D3E596-BA2C-4B0C-9B10-40DFA6DEC880}.Debug|ARM.Build.0 = Debug|ARM
		{17D3E596-BA2C-4B0C-9B10-40DFA6DEC880}.Debug|ARM.Deploy.0 = Debug|ARM
		{17D3E596-BA2C-4B0C-9B10-40DFA6DEC880}.Debug|x64.ActiveCfg = Debug|x64
		{17D3E596-BA2C-4B0C-9B10-40DFA6DEC880}.Debug|x64.Build.0 = Debug|x64
		{17D3E596-BA2C-4B0C-9B10-40DFA6DEC880}.Debug|x64.Deploy.0 = Debug|x64
		{17D3E596-BA2C-4B0C-9B10-40DFA6DEC880}.Debug|x86.ActiveCfg = Debug|x86
		{17D3E596-BA2C-4B0C-9B10-40DFA6DEC880}.Debug|x86.Build.0 = Debug|x86
		{17D3E596-BA2C-4B0C-9B10-40DFA6DEC880}.Debug|x86.Deploy.0 = Debug|x86
		{17D3E596-BA2C-4B0C-9B10-40DFA6DEC880}.Release|Any CPU.ActiveCfg = Release|x86
		{17D3E596-BA2C-4B0C-9B10-40DFA6DEC880}.Release|ARM.ActiveCfg = Release|ARM
		{17D3E596-BA2C-4B0C-9B10-40DFA6DEC880}.Release|ARM.Build.0 = Release|ARM
		{17D3E596-BA2C-4B0C-9B10-40DFA6DEC880}.Release|ARM.Deploy.0 = Release|ARM
		{17D3E596-BA2C-4B0C-9B10-40DFA6DEC880}.Release|x64.ActiveCfg = Release|x64
		{17D3E596-BA2C-4B0C-9B10-40DFA6DEC880}.Release|x64.Build.0 = Release|x64
		{17D3E596-BA2C-4B0C-9B10-40DFA6DEC880}.Release|x64.Deploy.0 = Release|x64
		{17D3E596-BA2C-4B0C-9B10-40DFA6DEC880}.Release|x86.ActiveCfg = Release|x86
		{17D3E596-BA2C-4B0C-9B10-40DFA6DEC880}.Release|x86.Build.0 = Release|x86
		{17D3E596-BA2C-4B0C-9B10-40DFA6DEC880}.Release|x86.Deploy.0 = Release|x86
		{BC5996A3-96D8-4DD6-B782-AF91DFDE5499}.Debug|Any CPU.ActiveCfg = Debug|Any CPU
		{BC5996A3-96D8-4DD6-B782-AF91DFDE5499}.Debug|Any CPU.Build.0 = Debug|Any CPU
		{BC5996A3-96D8-4DD6-B782-AF91DFDE5499}.Debug|ARM.ActiveCfg = Debug|Any CPU
		{BC5996A3-96D8-4DD6-B782-AF91DFDE5499}.Debug|ARM.Build.0 = Debug|Any CPU
		{BC5996A3-96D8-4DD6-B782-AF91DFDE5499}.Debug|x64.ActiveCfg = Debug|x64
		{BC5996A3-96D8-4DD6-B782-AF91DFDE5499}.Debug|x64.Build.0 = Debug|x64
		{BC5996A3-96D8-4DD6-B782-AF91DFDE5499}.Debug|x86.ActiveCfg = Debug|x86
		{BC5996A3-96D8-4DD6-B782-AF91DFDE5499}.Debug|x86.Build.0 = Debug|x86
		{BC5996A3-96D8-4DD6-B782-AF91DFDE5499}.Release|Any CPU.ActiveCfg = Release|Any CPU
		{BC5996A3-96D8-4DD6-B782-AF91DFDE5499}.Release|Any CPU.Build.0 = Release|Any CPU
		{BC5996A3-96D8-4DD6-B782-AF91DFDE5499}.Release|ARM.ActiveCfg = Release|Any CPU
		{BC5996A3-96D8-4DD6-B782-AF91DFDE5499}.Release|ARM.Build.0 = Release|Any CPU
		{BC5996A3-96D8-4DD6-B782-AF91DFDE5499}.Release|x64.ActiveCfg = Release|x64
		{BC5996A3-96D8-4DD6-B782-AF91DFDE5499}.Release|x64.Build.0 = Release|x64
		{BC5996A3-96D8-4DD6-B782-AF91DFDE5499}.Release|x86.ActiveCfg = Release|x86
		{BC5996A3-96D8-4DD6-B782-AF91DFDE5499}.Release|x86.Build.0 = Release|x86
	EndGlobalSection
	GlobalSection(SolutionProperties) = preSolution
		HideSolutionNode = FALSE
	EndGlobalSection
	GlobalSection(NestedProjects) = preSolution
		{382E76B0-64D6-42A0-80E2-6FAD21013B4E} = {65DDFBBF-945F-4797-BF62-E9080AEDAC92}
		{BB611722-8C0A-4234-9524-532AD5024C57} = {382E76B0-64D6-42A0-80E2-6FAD21013B4E}
		{5F35C7C8-1F00-48EC-9B61-AEF8AC1A8A6D} = {65DDFBBF-945F-4797-BF62-E9080AEDAC92}
		{F1D6F3F5-FF59-4062-A434-1BCCD11B4968} = {5F35C7C8-1F00-48EC-9B61-AEF8AC1A8A6D}
		{79F2CB2A-233E-4DB1-9500-5930B1C6B185} = {4E063D0D-B52C-4451-9ECD-CCFB7F169530}
		{A78F6A03-BFA9-4C13-8AF0-EF1BECF31812} = {4E063D0D-B52C-4451-9ECD-CCFB7F169530}
		{AA00BE91-1719-4B49-ACF2-0B30BAB7BEEF} = {A78F6A03-BFA9-4C13-8AF0-EF1BECF31812}
		{17D3E596-BA2C-4B0C-9B10-40DFA6DEC880} = {79F2CB2A-233E-4DB1-9500-5930B1C6B185}
		{BC5996A3-96D8-4DD6-B782-AF91DFDE5499} = {A78F6A03-BFA9-4C13-8AF0-EF1BECF31812}
	EndGlobalSection
EndGlobal
